
Microsoft Visual Studio Solution File, Format Version 12.00
# Visual Studio Version 16
VisualStudioVersion = 16.0.29324.140
MinimumVisualStudioVersion = 10.0.40219.1
Project("{FAE04EC0-301F-11D3-BF4B-00C04F79EFBC}") = "Vidly", "Vidly\Vidly.csproj", "{A4CCCD6B-AF77-4612-80C8-333C80C24293}"
EndProject
Global
	GlobalSection(SolutionConfigurationPlatforms) = preSolution
		Debug|Any CPU = Debug|Any CPU
		Release|Any CPU = Release|Any CPU
	EndGlobalSection
	GlobalSection(ProjectConfigurationPlatforms) = postSolution
		{A4CCCD6B-AF77-4612-80C8-333C80C24293}.Debug|Any CPU.ActiveCfg = Debug|Any CPU
		{A4CCCD6B-AF77-4612-80C8-333C80C24293}.Debug|Any CPU.Build.0 = Debug|Any CPU
		{A4CCCD6B-AF77-4612-80C8-333C80C24293}.Release|Any CPU.ActiveCfg = Release|Any CPU
		{A4CCCD6B-AF77-4612-80C8-333C80C24293}.Release|Any CPU.Build.0 = Release|Any CPU
	EndGlobalSection
	GlobalSection(SolutionProperties) = preSolution
		HideSolutionNode = FALSE
	EndGlobalSection
	GlobalSection(ExtensibilityGlobals) = postSolution
		SolutionGuid = {FC2F93E1-972B-4CD7-87E0-FB34CE3A3744}
	EndGlobalSection
EndGlobal
